// !$*UTF8*$!
{
	archiveVersion = 1;
	classes = {
	};
	objectVersion = 46;
	objects = {

/* Begin PBXBuildFile section */
		1D16AB441EF4F61000E4919F /* AZController.m in Sources */ = {isa = PBXBuildFile; fileRef = 1D16AB411EF4F61000E4919F /* AZController.m */; };
		1D16AB451EF4F61000E4919F /* AZDispatcher.m in Sources */ = {isa = PBXBuildFile; fileRef = 1D16AB431EF4F61000E4919F /* AZDispatcher.m */; };
		1D319F171ED7719300605E30 /* AZAssignReference.m in Sources */ = {isa = PBXBuildFile; fileRef = 1D319F161ED7719300605E30 /* AZAssignReference.m */; };
		1D3883B01EBD427200CF5848 /* AZTestRandomString.m in Sources */ = {isa = PBXBuildFile; fileRef = 1D3883AF1EBD427200CF5848 /* AZTestRandomString.m */; };
		1D5062471EC1322200CCA4F3 /* NSString+AZRandomString.m in Sources */ = {isa = PBXBuildFile; fileRef = 1D5062461EC1322200CCA4F3 /* NSString+AZRandomString.m */; };
		1D5576301EBFD7C60043C714 /* NSArray+AZExtension.m in Sources */ = {isa = PBXBuildFile; fileRef = 1D55762F1EBFD7C60043C714 /* NSArray+AZExtension.m */; };
		1D559FB11ECB8A550001AE5C /* AZAlphabet.m in Sources */ = {isa = PBXBuildFile; fileRef = 1D559FB01ECB8A550001AE5C /* AZAlphabet.m */; };
		1D559FB41ECB8B950001AE5C /* AZRangeAlphabet.m in Sources */ = {isa = PBXBuildFile; fileRef = 1D559FB31ECB8B950001AE5C /* AZRangeAlphabet.m */; };
		1D559FB71ECB8BEE0001AE5C /* AZClusterAlphabet.m in Sources */ = {isa = PBXBuildFile; fileRef = 1D559FB61ECB8BEE0001AE5C /* AZClusterAlphabet.m */; };
		1D559FBA1ECB8C620001AE5C /* AZStringsAlphabet.m in Sources */ = {isa = PBXBuildFile; fileRef = 1D559FB91ECB8C620001AE5C /* AZStringsAlphabet.m */; };
		1D5BF96D1EB252980093099B /* AZTestCarWash.m in Sources */ = {isa = PBXBuildFile; fileRef = 1D5BF96C1EB252980093099B /* AZTestCarWash.m */; };
		1D5C0A831ECA43390080761D /* AZRandomNumber.m in Sources */ = {isa = PBXBuildFile; fileRef = 1D5C0A821ECA43390080761D /* AZRandomNumber.m */; };
		1D5C0A871ECA55FE0080761D /* NSString+AZRandomName.m in Sources */ = {isa = PBXBuildFile; fileRef = 1D5C0A861ECA55FE0080761D /* NSString+AZRandomName.m */; };
		1D5CA4291EB0F10C00706B17 /* main.m in Sources */ = {isa = PBXBuildFile; fileRef = 1D5CA3F11EB0ECF500706B17 /* main.m */; };
		1D5CA42B1EB0F1C700706B17 /* AZCreature.m in Sources */ = {isa = PBXBuildFile; fileRef = 1D5CA4161EB0EFCC00706B17 /* AZCreature.m */; };
		1D5CA42F1EB0F1C700706B17 /* AZCreatureFemale.m in Sources */ = {isa = PBXBuildFile; fileRef = 1D5CA41A1EB0EFCC00706B17 /* AZCreatureFemale.m */; };
		1D5CA4311EB0F1C700706B17 /* AZCreatureMale.m in Sources */ = {isa = PBXBuildFile; fileRef = 1D5CA41C1EB0EFCC00706B17 /* AZCreatureMale.m */; };
		1D5CA4331EB0F1C700706B17 /* AZTestCreature.m in Sources */ = {isa = PBXBuildFile; fileRef = 1D5CA4221EB0EFD400706B17 /* AZTestCreature.m */; };
		1D5FEDE61EB7543E003499D1 /* NSObject+AZExtension.m in Sources */ = {isa = PBXBuildFile; fileRef = 1D5FEDE51EB7543E003499D1 /* NSObject+AZExtension.m */; };
		1D5FEDEB1EB75F57003499D1 /* AZEnterprise.m in Sources */ = {isa = PBXBuildFile; fileRef = 1D75D54C1EB38BC000813DB8 /* AZEnterprise.m */; };
		1D63663D1ED62A38002A7B3A /* AZObservableObject.m in Sources */ = {isa = PBXBuildFile; fileRef = 1D63663C1ED62A38002A7B3A /* AZObservableObject.m */; };
		1D65E1541EB1052900D0B5E4 /* AZEmployee.m in Sources */ = {isa = PBXBuildFile; fileRef = 1D65E1531EB1052900D0B5E4 /* AZEmployee.m */; };
		1D65E1581EB1053800D0B5E4 /* AZCar.m in Sources */ = {isa = PBXBuildFile; fileRef = 1D65E1571EB1053800D0B5E4 /* AZCar.m */; };
		1D65E15B1EB1062000D0B5E4 /* AZAccountant.m in Sources */ = {isa = PBXBuildFile; fileRef = 1D65E15A1EB1062000D0B5E4 /* AZAccountant.m */; };
		1D65E15E1EB1065B00D0B5E4 /* AZWasher.m in Sources */ = {isa = PBXBuildFile; fileRef = 1D65E15D1EB1065B00D0B5E4 /* AZWasher.m */; };
		1D65E1611EB1070500D0B5E4 /* AZDirector.m in Sources */ = {isa = PBXBuildFile; fileRef = 1D65E1601EB1070500D0B5E4 /* AZDirector.m */; };
		1D9DD5001ED4E80B00A68363 /* AZQueue.m in Sources */ = {isa = PBXBuildFile; fileRef = 1D9DD4FF1ED4E80B00A68363 /* AZQueue.m */; };
/* End PBXBuildFile section */

/* Begin PBXCopyFilesBuildPhase section */
		1D9FDCF51EA90C86003C4CE6 /* CopyFiles */ = {
			isa = PBXCopyFilesBuildPhase;
			buildActionMask = 2147483647;
			dstPath = /usr/share/man/man1/;
			dstSubfolderSpec = 0;
			files = (
			);
			runOnlyForDeploymentPostprocessing = 1;
		};
/* End PBXCopyFilesBuildPhase section */

/* Begin PBXFileReference section */
		1D16AB401EF4F61000E4919F /* AZController.h */ = {isa = PBXFileReference; fileEncoding = 4; lastKnownFileType = sourcecode.c.h; name = AZController.h; path = CarWash/Controllers/AZController.h; sourceTree = "<group>"; };
		1D16AB411EF4F61000E4919F /* AZController.m */ = {isa = PBXFileReference; fileEncoding = 4; lastKnownFileType = sourcecode.c.objc; name = AZController.m; path = CarWash/Controllers/AZController.m; sourceTree = "<group>"; };
		1D16AB421EF4F61000E4919F /* AZDispatcher.h */ = {isa = PBXFileReference; fileEncoding = 4; lastKnownFileType = sourcecode.c.h; name = AZDispatcher.h; path = CarWash/Controllers/AZDispatcher.h; sourceTree = "<group>"; };
		1D16AB431EF4F61000E4919F /* AZDispatcher.m */ = {isa = PBXFileReference; fileEncoding = 4; lastKnownFileType = sourcecode.c.objc; name = AZDispatcher.m; path = CarWash/Controllers/AZDispatcher.m; sourceTree = "<group>"; };
		1D319F151ED7719300605E30 /* AZAssignReference.h */ = {isa = PBXFileReference; fileEncoding = 4; lastKnownFileType = sourcecode.c.h; name = AZAssignReference.h; path = ReferenceWrapper/AZAssignReference.h; sourceTree = "<group>"; };
		1D319F161ED7719300605E30 /* AZAssignReference.m */ = {isa = PBXFileReference; fileEncoding = 4; lastKnownFileType = sourcecode.c.objc; name = AZAssignReference.m; path = ReferenceWrapper/AZAssignReference.m; sourceTree = "<group>"; };
		1D3883AE1EBD427200CF5848 /* AZTestRandomString.h */ = {isa = PBXFileReference; fileEncoding = 4; lastKnownFileType = sourcecode.c.h; path = AZTestRandomString.h; sourceTree = "<group>"; };
		1D3883AF1EBD427200CF5848 /* AZTestRandomString.m */ = {isa = PBXFileReference; fileEncoding = 4; lastKnownFileType = sourcecode.c.objc; path = AZTestRandomString.m; sourceTree = "<group>"; };
		1D5062451EC1322200CCA4F3 /* NSString+AZRandomString.h */ = {isa = PBXFileReference; fileEncoding = 4; lastKnownFileType = sourcecode.c.h; name = "NSString+AZRandomString.h"; path = "Categories/NSString+AZRandomString.h"; sourceTree = "<group>"; };
		1D5062461EC1322200CCA4F3 /* NSString+AZRandomString.m */ = {isa = PBXFileReference; fileEncoding = 4; lastKnownFileType = sourcecode.c.objc; name = "NSString+AZRandomString.m"; path = "Categories/NSString+AZRandomString.m"; sourceTree = "<group>"; };
		1D55762E1EBFD7C60043C714 /* NSArray+AZExtension.h */ = {isa = PBXFileReference; fileEncoding = 4; lastKnownFileType = sourcecode.c.h; name = "NSArray+AZExtension.h"; path = "Categories/NSArray+AZExtension.h"; sourceTree = "<group>"; };
		1D55762F1EBFD7C60043C714 /* NSArray+AZExtension.m */ = {isa = PBXFileReference; fileEncoding = 4; lastKnownFileType = sourcecode.c.objc; name = "NSArray+AZExtension.m"; path = "Categories/NSArray+AZExtension.m"; sourceTree = "<group>"; };
		1D559FAF1ECB8A550001AE5C /* AZAlphabet.h */ = {isa = PBXFileReference; fileEncoding = 4; lastKnownFileType = sourcecode.c.h; path = AZAlphabet.h; sourceTree = "<group>"; };
		1D559FB01ECB8A550001AE5C /* AZAlphabet.m */ = {isa = PBXFileReference; fileEncoding = 4; lastKnownFileType = sourcecode.c.objc; path = AZAlphabet.m; sourceTree = "<group>"; };
		1D559FB21ECB8B950001AE5C /* AZRangeAlphabet.h */ = {isa = PBXFileReference; fileEncoding = 4; lastKnownFileType = sourcecode.c.h; path = AZRangeAlphabet.h; sourceTree = "<group>"; };
		1D559FB31ECB8B950001AE5C /* AZRangeAlphabet.m */ = {isa = PBXFileReference; fileEncoding = 4; lastKnownFileType = sourcecode.c.objc; path = AZRangeAlphabet.m; sourceTree = "<group>"; };
		1D559FB51ECB8BEE0001AE5C /* AZClusterAlphabet.h */ = {isa = PBXFileReference; fileEncoding = 4; lastKnownFileType = sourcecode.c.h; path = AZClusterAlphabet.h; sourceTree = "<group>"; };
		1D559FB61ECB8BEE0001AE5C /* AZClusterAlphabet.m */ = {isa = PBXFileReference; fileEncoding = 4; lastKnownFileType = sourcecode.c.objc; path = AZClusterAlphabet.m; sourceTree = "<group>"; };
		1D559FB81ECB8C620001AE5C /* AZStringsAlphabet.h */ = {isa = PBXFileReference; fileEncoding = 4; lastKnownFileType = sourcecode.c.h; path = AZStringsAlphabet.h; sourceTree = "<group>"; };
		1D559FB91ECB8C620001AE5C /* AZStringsAlphabet.m */ = {isa = PBXFileReference; fileEncoding = 4; lastKnownFileType = sourcecode.c.objc; path = AZStringsAlphabet.m; sourceTree = "<group>"; };
		1D5BF96B1EB252980093099B /* AZTestCarWash.h */ = {isa = PBXFileReference; fileEncoding = 4; lastKnownFileType = sourcecode.c.h; path = AZTestCarWash.h; sourceTree = "<group>"; };
		1D5BF96C1EB252980093099B /* AZTestCarWash.m */ = {isa = PBXFileReference; fileEncoding = 4; lastKnownFileType = sourcecode.c.objc; path = AZTestCarWash.m; sourceTree = "<group>"; };
		1D5C0A821ECA43390080761D /* AZRandomNumber.m */ = {isa = PBXFileReference; fileEncoding = 4; lastKnownFileType = sourcecode.c.objc; path = AZRandomNumber.m; sourceTree = "<group>"; };
		1D5C0A841ECA43570080761D /* AZRandomNumber.h */ = {isa = PBXFileReference; lastKnownFileType = sourcecode.c.h; path = AZRandomNumber.h; sourceTree = "<group>"; };
		1D5C0A851ECA55FE0080761D /* NSString+AZRandomName.h */ = {isa = PBXFileReference; fileEncoding = 4; lastKnownFileType = sourcecode.c.h; name = "NSString+AZRandomName.h"; path = "Categories/NSString+AZRandomName.h"; sourceTree = "<group>"; };
		1D5C0A861ECA55FE0080761D /* NSString+AZRandomName.m */ = {isa = PBXFileReference; fileEncoding = 4; lastKnownFileType = sourcecode.c.objc; name = "NSString+AZRandomName.m"; path = "Categories/NSString+AZRandomName.m"; sourceTree = "<group>"; };
		1D5CA3F11EB0ECF500706B17 /* main.m */ = {isa = PBXFileReference; fileEncoding = 4; lastKnownFileType = sourcecode.c.objc; path = main.m; sourceTree = "<group>"; };
		1D5CA4151EB0EFCC00706B17 /* AZCreature.h */ = {isa = PBXFileReference; fileEncoding = 4; lastKnownFileType = sourcecode.c.h; path = AZCreature.h; sourceTree = "<group>"; };
		1D5CA4161EB0EFCC00706B17 /* AZCreature.m */ = {isa = PBXFileReference; fileEncoding = 4; lastKnownFileType = sourcecode.c.objc; path = AZCreature.m; sourceTree = "<group>"; };
		1D5CA4191EB0EFCC00706B17 /* AZCreatureFemale.h */ = {isa = PBXFileReference; fileEncoding = 4; lastKnownFileType = sourcecode.c.h; path = AZCreatureFemale.h; sourceTree = "<group>"; };
		1D5CA41A1EB0EFCC00706B17 /* AZCreatureFemale.m */ = {isa = PBXFileReference; fileEncoding = 4; lastKnownFileType = sourcecode.c.objc; path = AZCreatureFemale.m; sourceTree = "<group>"; };
		1D5CA41B1EB0EFCC00706B17 /* AZCreatureMale.h */ = {isa = PBXFileReference; fileEncoding = 4; lastKnownFileType = sourcecode.c.h; path = AZCreatureMale.h; sourceTree = "<group>"; };
		1D5CA41C1EB0EFCC00706B17 /* AZCreatureMale.m */ = {isa = PBXFileReference; fileEncoding = 4; lastKnownFileType = sourcecode.c.objc; path = AZCreatureMale.m; sourceTree = "<group>"; };
		1D5CA4211EB0EFD400706B17 /* AZTestCreature.h */ = {isa = PBXFileReference; fileEncoding = 4; lastKnownFileType = sourcecode.c.h; path = AZTestCreature.h; sourceTree = "<group>"; };
		1D5CA4221EB0EFD400706B17 /* AZTestCreature.m */ = {isa = PBXFileReference; fileEncoding = 4; lastKnownFileType = sourcecode.c.objc; path = AZTestCreature.m; sourceTree = "<group>"; };
		1D5FEDE31EB7541C003499D1 /* AZMoneyFlow.h */ = {isa = PBXFileReference; lastKnownFileType = sourcecode.c.h; path = AZMoneyFlow.h; sourceTree = "<group>"; };
		1D5FEDE41EB7543E003499D1 /* NSObject+AZExtension.h */ = {isa = PBXFileReference; fileEncoding = 4; lastKnownFileType = sourcecode.c.h; name = "NSObject+AZExtension.h"; path = "Categories/NSObject+AZExtension.h"; sourceTree = "<group>"; };
		1D5FEDE51EB7543E003499D1 /* NSObject+AZExtension.m */ = {isa = PBXFileReference; fileEncoding = 4; lastKnownFileType = sourcecode.c.objc; name = "NSObject+AZExtension.m"; path = "Categories/NSObject+AZExtension.m"; sourceTree = "<group>"; };
		1D63663B1ED62A38002A7B3A /* AZObservableObject.h */ = {isa = PBXFileReference; fileEncoding = 4; lastKnownFileType = sourcecode.c.h; name = AZObservableObject.h; path = Observer/AZObservableObject.h; sourceTree = "<group>"; };
		1D63663C1ED62A38002A7B3A /* AZObservableObject.m */ = {isa = PBXFileReference; fileEncoding = 4; lastKnownFileType = sourcecode.c.objc; name = AZObservableObject.m; path = Observer/AZObservableObject.m; sourceTree = "<group>"; };
		1D65E1521EB1052900D0B5E4 /* AZEmployee.h */ = {isa = PBXFileReference; fileEncoding = 4; lastKnownFileType = sourcecode.c.h; name = AZEmployee.h; path = CarWash/Humans/AZEmployee.h; sourceTree = "<group>"; };
		1D65E1531EB1052900D0B5E4 /* AZEmployee.m */ = {isa = PBXFileReference; fileEncoding = 4; lastKnownFileType = sourcecode.c.objc; name = AZEmployee.m; path = CarWash/Humans/AZEmployee.m; sourceTree = "<group>"; };
		1D65E1561EB1053800D0B5E4 /* AZCar.h */ = {isa = PBXFileReference; fileEncoding = 4; lastKnownFileType = sourcecode.c.h; name = AZCar.h; path = CarWash/Cars/AZCar.h; sourceTree = "<group>"; };
		1D65E1571EB1053800D0B5E4 /* AZCar.m */ = {isa = PBXFileReference; fileEncoding = 4; lastKnownFileType = sourcecode.c.objc; name = AZCar.m; path = CarWash/Cars/AZCar.m; sourceTree = "<group>"; };
		1D65E1591EB1062000D0B5E4 /* AZAccountant.h */ = {isa = PBXFileReference; fileEncoding = 4; lastKnownFileType = sourcecode.c.h; name = AZAccountant.h; path = CarWash/Humans/AZAccountant.h; sourceTree = "<group>"; };
		1D65E15A1EB1062000D0B5E4 /* AZAccountant.m */ = {isa = PBXFileReference; fileEncoding = 4; lastKnownFileType = sourcecode.c.objc; name = AZAccountant.m; path = CarWash/Humans/AZAccountant.m; sourceTree = "<group>"; };
		1D65E15C1EB1065B00D0B5E4 /* AZWasher.h */ = {isa = PBXFileReference; fileEncoding = 4; lastKnownFileType = sourcecode.c.h; name = AZWasher.h; path = CarWash/Humans/AZWasher.h; sourceTree = "<group>"; };
		1D65E15D1EB1065B00D0B5E4 /* AZWasher.m */ = {isa = PBXFileReference; fileEncoding = 4; lastKnownFileType = sourcecode.c.objc; name = AZWasher.m; path = CarWash/Humans/AZWasher.m; sourceTree = "<group>"; };
		1D65E15F1EB1070500D0B5E4 /* AZDirector.h */ = {isa = PBXFileReference; fileEncoding = 4; lastKnownFileType = sourcecode.c.h; name = AZDirector.h; path = CarWash/Humans/AZDirector.h; sourceTree = "<group>"; };
		1D65E1601EB1070500D0B5E4 /* AZDirector.m */ = {isa = PBXFileReference; fileEncoding = 4; lastKnownFileType = sourcecode.c.objc; name = AZDirector.m; path = CarWash/Humans/AZDirector.m; sourceTree = "<group>"; };
		1D75D54B1EB38BC000813DB8 /* AZEnterprise.h */ = {isa = PBXFileReference; fileEncoding = 4; lastKnownFileType = sourcecode.c.h; name = AZEnterprise.h; path = CarWash/AZEnterprise.h; sourceTree = "<group>"; };
		1D75D54C1EB38BC000813DB8 /* AZEnterprise.m */ = {isa = PBXFileReference; fileEncoding = 4; lastKnownFileType = sourcecode.c.objc; name = AZEnterprise.m; path = CarWash/AZEnterprise.m; sourceTree = "<group>"; };
		1D9DD4FE1ED4E80B00A68363 /* AZQueue.h */ = {isa = PBXFileReference; fileEncoding = 4; lastKnownFileType = sourcecode.c.h; path = AZQueue.h; sourceTree = "<group>"; };
		1D9DD4FF1ED4E80B00A68363 /* AZQueue.m */ = {isa = PBXFileReference; fileEncoding = 4; lastKnownFileType = sourcecode.c.objc; path = AZQueue.m; sourceTree = "<group>"; };
		1D9FDCF71EA90C86003C4CE6 /* idap */ = {isa = PBXFileReference; explicitFileType = "compiled.mach-o.executable"; includeInIndex = 0; path = idap; sourceTree = BUILT_PRODUCTS_DIR; };
/* End PBXFileReference section */

/* Begin PBXFrameworksBuildPhase section */
		1D9FDCF41EA90C86003C4CE6 /* Frameworks */ = {
			isa = PBXFrameworksBuildPhase;
			buildActionMask = 2147483647;
			files = (
			);
			runOnlyForDeploymentPostprocessing = 0;
		};
/* End PBXFrameworksBuildPhase section */

/* Begin PBXGroup section */
		1D319F141ED7717200605E30 /* ReferenceWrapper */ = {
			isa = PBXGroup;
			children = (
				1D319F151ED7719300605E30 /* AZAssignReference.h */,
				1D319F161ED7719300605E30 /* AZAssignReference.m */,
			);
			name = ReferenceWrapper;
			sourceTree = "<group>";
		};
		1D559FAD1ECB8A170001AE5C /* Alphabet */ = {
			isa = PBXGroup;
			children = (
				1D559FAF1ECB8A550001AE5C /* AZAlphabet.h */,
				1D559FB01ECB8A550001AE5C /* AZAlphabet.m */,
				1D559FAE1ECB8A170001AE5C /* Private */,
			);
			path = Alphabet;
			sourceTree = "<group>";
		};
		1D559FAE1ECB8A170001AE5C /* Private */ = {
			isa = PBXGroup;
			children = (
				1D559FB21ECB8B950001AE5C /* AZRangeAlphabet.h */,
				1D559FB31ECB8B950001AE5C /* AZRangeAlphabet.m */,
				1D559FB51ECB8BEE0001AE5C /* AZClusterAlphabet.h */,
				1D559FB61ECB8BEE0001AE5C /* AZClusterAlphabet.m */,
				1D559FB81ECB8C620001AE5C /* AZStringsAlphabet.h */,
				1D559FB91ECB8C620001AE5C /* AZStringsAlphabet.m */,
			);
			path = Private;
			sourceTree = "<group>";
		};
		1D5C0A7E1ECA429A0080761D /* Utils */ = {
			isa = PBXGroup;
			children = (
				1D319F141ED7717200605E30 /* ReferenceWrapper */,
				1D6366391ED629CE002A7B3A /* Observer */,
				1D5C0A841ECA43570080761D /* AZRandomNumber.h */,
				1D5C0A821ECA43390080761D /* AZRandomNumber.m */,
				1D559FAD1ECB8A170001AE5C /* Alphabet */,
				1D9DD4FE1ED4E80B00A68363 /* AZQueue.h */,
				1D9DD4FF1ED4E80B00A68363 /* AZQueue.m */,
			);
			path = Utils;
			sourceTree = "<group>";
		};
		1D5C62BC1EE095940093B1FC /* Controllers */ = {
			isa = PBXGroup;
			children = (
				1D16AB401EF4F61000E4919F /* AZController.h */,
				1D16AB411EF4F61000E4919F /* AZController.m */,
				1D16AB421EF4F61000E4919F /* AZDispatcher.h */,
				1D16AB431EF4F61000E4919F /* AZDispatcher.m */,
			);
			name = Controllers;
			sourceTree = "<group>";
		};
		1D5CA3DE1EB0ECCC00706B17 /* Creature */ = {
			isa = PBXGroup;
			children = (
				1D5CA4151EB0EFCC00706B17 /* AZCreature.h */,
				1D5CA4161EB0EFCC00706B17 /* AZCreature.m */,
				1D5CA4191EB0EFCC00706B17 /* AZCreatureFemale.h */,
				1D5CA41A1EB0EFCC00706B17 /* AZCreatureFemale.m */,
				1D5CA41B1EB0EFCC00706B17 /* AZCreatureMale.h */,
				1D5CA41C1EB0EFCC00706B17 /* AZCreatureMale.m */,
			);
			path = Creature;
			sourceTree = "<group>";
		};
		1D5CA3E81EB0ECCC00706B17 /* Test */ = {
			isa = PBXGroup;
			children = (
				1D5CA4211EB0EFD400706B17 /* AZTestCreature.h */,
				1D5CA4221EB0EFD400706B17 /* AZTestCreature.m */,
				1D5BF96B1EB252980093099B /* AZTestCarWash.h */,
				1D5BF96C1EB252980093099B /* AZTestCarWash.m */,
				1D3883AE1EBD427200CF5848 /* AZTestRandomString.h */,
				1D3883AF1EBD427200CF5848 /* AZTestRandomString.m */,
			);
			path = Test;
			sourceTree = "<group>";
		};
		1D5CA4341EB0F23C00706B17 /* CarWash */ = {
			isa = PBXGroup;
			children = (
				1D5C62BC1EE095940093B1FC /* Controllers */,
				1D65E1551EB1052C00D0B5E4 /* Cars */,
				1D65E1511EB104DA00D0B5E4 /* Humans */,
				1D75D54B1EB38BC000813DB8 /* AZEnterprise.h */,
				1D75D54C1EB38BC000813DB8 /* AZEnterprise.m */,
			);
			name = CarWash;
			sourceTree = "<group>";
		};
		1D5FEDE11EB75387003499D1 /* Categories */ = {
			isa = PBXGroup;
			children = (
				1D5FEDE41EB7543E003499D1 /* NSObject+AZExtension.h */,
				1D5FEDE51EB7543E003499D1 /* NSObject+AZExtension.m */,
				1D55762E1EBFD7C60043C714 /* NSArray+AZExtension.h */,
				1D55762F1EBFD7C60043C714 /* NSArray+AZExtension.m */,
				1D5062451EC1322200CCA4F3 /* NSString+AZRandomString.h */,
				1D5062461EC1322200CCA4F3 /* NSString+AZRandomString.m */,
				1D5C0A851ECA55FE0080761D /* NSString+AZRandomName.h */,
				1D5C0A861ECA55FE0080761D /* NSString+AZRandomName.m */,
			);
			name = Categories;
			sourceTree = "<group>";
		};
		1D5FEDE21EB7541C003499D1 /* Protocols */ = {
			isa = PBXGroup;
			children = (
				1D5FEDE31EB7541C003499D1 /* AZMoneyFlow.h */,
			);
			path = Protocols;
			sourceTree = "<group>";
		};
		1D6366391ED629CE002A7B3A /* Observer */ = {
			isa = PBXGroup;
			children = (
				1D63663B1ED62A38002A7B3A /* AZObservableObject.h */,
				1D63663C1ED62A38002A7B3A /* AZObservableObject.m */,
			);
			name = Observer;
			sourceTree = "<group>";
		};
		1D65E1511EB104DA00D0B5E4 /* Humans */ = {
			isa = PBXGroup;
			children = (
				1D65E1521EB1052900D0B5E4 /* AZEmployee.h */,
				1D65E1531EB1052900D0B5E4 /* AZEmployee.m */,
				1D65E1591EB1062000D0B5E4 /* AZAccountant.h */,
				1D65E15A1EB1062000D0B5E4 /* AZAccountant.m */,
				1D65E15C1EB1065B00D0B5E4 /* AZWasher.h */,
				1D65E15D1EB1065B00D0B5E4 /* AZWasher.m */,
				1D65E15F1EB1070500D0B5E4 /* AZDirector.h */,
				1D65E1601EB1070500D0B5E4 /* AZDirector.m */,
			);
			name = Humans;
			sourceTree = "<group>";
		};
		1D65E1551EB1052C00D0B5E4 /* Cars */ = {
			isa = PBXGroup;
			children = (
				1D65E1561EB1053800D0B5E4 /* AZCar.h */,
				1D65E1571EB1053800D0B5E4 /* AZCar.m */,
			);
			name = Cars;
			sourceTree = "<group>";
		};
		1D9FDCEE1EA90C86003C4CE6 = {
			isa = PBXGroup;
			children = (
				1D9FDCF91EA90C86003C4CE6 /* idap */,
				1D9FDCF81EA90C86003C4CE6 /* Products */,
			);
			sourceTree = "<group>";
		};
		1D9FDCF81EA90C86003C4CE6 /* Products */ = {
			isa = PBXGroup;
			children = (
				1D9FDCF71EA90C86003C4CE6 /* idap */,
			);
			name = Products;
			sourceTree = "<group>";
		};
		1D9FDCF91EA90C86003C4CE6 /* idap */ = {
			isa = PBXGroup;
			children = (
				1D5CA3F11EB0ECF500706B17 /* main.m */,
				1D5C0A7E1ECA429A0080761D /* Utils */,
				1D5FEDE21EB7541C003499D1 /* Protocols */,
				1D5FEDE11EB75387003499D1 /* Categories */,
				1D5CA4341EB0F23C00706B17 /* CarWash */,
				1D5CA3DE1EB0ECCC00706B17 /* Creature */,
				1D5CA3E81EB0ECCC00706B17 /* Test */,
			);
			path = idap;
			sourceTree = "<group>";
		};
/* End PBXGroup section */

/* Begin PBXNativeTarget section */
		1D9FDCF61EA90C86003C4CE6 /* idap */ = {
			isa = PBXNativeTarget;
			buildConfigurationList = 1D9FDCFE1EA90C86003C4CE6 /* Build configuration list for PBXNativeTarget "idap" */;
			buildPhases = (
				1D9FDCF31EA90C86003C4CE6 /* Sources */,
				1D9FDCF41EA90C86003C4CE6 /* Frameworks */,
				1D9FDCF51EA90C86003C4CE6 /* CopyFiles */,
			);
			buildRules = (
			);
			dependencies = (
			);
			name = idap;
			productName = idap;
			productReference = 1D9FDCF71EA90C86003C4CE6 /* idap */;
			productType = "com.apple.product-type.tool";
		};
/* End PBXNativeTarget section */

/* Begin PBXProject section */
		1D9FDCEF1EA90C86003C4CE6 /* Project object */ = {
			isa = PBXProject;
			attributes = {
				LastUpgradeCheck = 0820;
				ORGANIZATIONNAME = "Aleksey Zuiev";
				TargetAttributes = {
					1D9FDCF61EA90C86003C4CE6 = {
						CreatedOnToolsVersion = 8.2.1;
						ProvisioningStyle = Automatic;
					};
				};
			};
			buildConfigurationList = 1D9FDCF21EA90C86003C4CE6 /* Build configuration list for PBXProject "idap" */;
			compatibilityVersion = "Xcode 3.2";
			developmentRegion = English;
			hasScannedForEncodings = 0;
			knownRegions = (
				en,
			);
			mainGroup = 1D9FDCEE1EA90C86003C4CE6;
			productRefGroup = 1D9FDCF81EA90C86003C4CE6 /* Products */;
			projectDirPath = "";
			projectRoot = "";
			targets = (
				1D9FDCF61EA90C86003C4CE6 /* idap */,
			);
		};
/* End PBXProject section */

/* Begin PBXSourcesBuildPhase section */
		1D9FDCF31EA90C86003C4CE6 /* Sources */ = {
			isa = PBXSourcesBuildPhase;
			buildActionMask = 2147483647;
			files = (
				1D5FEDEB1EB75F57003499D1 /* AZEnterprise.m in Sources */,
				1D3883B01EBD427200CF5848 /* AZTestRandomString.m in Sources */,
				1D65E1541EB1052900D0B5E4 /* AZEmployee.m in Sources */,
				1D559FB11ECB8A550001AE5C /* AZAlphabet.m in Sources */,
				1D5FEDE61EB7543E003499D1 /* NSObject+AZExtension.m in Sources */,
				1D5C0A871ECA55FE0080761D /* NSString+AZRandomName.m in Sources */,
				1D63663D1ED62A38002A7B3A /* AZObservableObject.m in Sources */,
				1D65E15B1EB1062000D0B5E4 /* AZAccountant.m in Sources */,
				1D16AB451EF4F61000E4919F /* AZDispatcher.m in Sources */,
				1D9DD5001ED4E80B00A68363 /* AZQueue.m in Sources */,
				1D5062471EC1322200CCA4F3 /* NSString+AZRandomString.m in Sources */,
				1D5576301EBFD7C60043C714 /* NSArray+AZExtension.m in Sources */,
				1D65E1611EB1070500D0B5E4 /* AZDirector.m in Sources */,
				1D5C0A831ECA43390080761D /* AZRandomNumber.m in Sources */,
				1D5CA42B1EB0F1C700706B17 /* AZCreature.m in Sources */,
				1D65E1581EB1053800D0B5E4 /* AZCar.m in Sources */,
				1D65E15E1EB1065B00D0B5E4 /* AZWasher.m in Sources */,
				1D559FB41ECB8B950001AE5C /* AZRangeAlphabet.m in Sources */,
				1D5CA42F1EB0F1C700706B17 /* AZCreatureFemale.m in Sources */,
				1D5CA4311EB0F1C700706B17 /* AZCreatureMale.m in Sources */,
				1D559FB71ECB8BEE0001AE5C /* AZClusterAlphabet.m in Sources */,
				1D5BF96D1EB252980093099B /* AZTestCarWash.m in Sources */,
				1D5CA4331EB0F1C700706B17 /* AZTestCreature.m in Sources */,
				1D319F171ED7719300605E30 /* AZAssignReference.m in Sources */,
				1D559FBA1ECB8C620001AE5C /* AZStringsAlphabet.m in Sources */,
				1D16AB441EF4F61000E4919F /* AZController.m in Sources */,
				1D5CA4291EB0F10C00706B17 /* main.m in Sources */,
			);
			runOnlyForDeploymentPostprocessing = 0;
		};
/* End PBXSourcesBuildPhase section */

/* Begin XCBuildConfiguration section */
		1D9FDCFC1EA90C86003C4CE6 /* Debug */ = {
			isa = XCBuildConfiguration;
			buildSettings = {
				ALWAYS_SEARCH_USER_PATHS = NO;
				CLANG_ANALYZER_NONNULL = YES;
				CLANG_CXX_LANGUAGE_STANDARD = "gnu++0x";
				CLANG_CXX_LIBRARY = "libc++";
				CLANG_ENABLE_MODULES = YES;
				CLANG_ENABLE_OBJC_ARC = NO;
				CLANG_WARN_BOOL_CONVERSION = YES;
				CLANG_WARN_CONSTANT_CONVERSION = YES;
				CLANG_WARN_DIRECT_OBJC_ISA_USAGE = YES_ERROR;
				CLANG_WARN_DOCUMENTATION_COMMENTS = YES;
				CLANG_WARN_EMPTY_BODY = YES;
				CLANG_WARN_ENUM_CONVERSION = YES;
				CLANG_WARN_INFINITE_RECURSION = YES;
				CLANG_WARN_INT_CONVERSION = YES;
				CLANG_WARN_OBJC_ROOT_CLASS = YES_ERROR;
				CLANG_WARN_SUSPICIOUS_MOVE = YES;
				CLANG_WARN_UNREACHABLE_CODE = YES;
				CLANG_WARN__DUPLICATE_METHOD_MATCH = YES;
				CODE_SIGN_IDENTITY = "-";
				COPY_PHASE_STRIP = NO;
				DEBUG_INFORMATION_FORMAT = dwarf;
				ENABLE_STRICT_OBJC_MSGSEND = YES;
				ENABLE_TESTABILITY = YES;
				GCC_C_LANGUAGE_STANDARD = gnu99;
				GCC_DYNAMIC_NO_PIC = NO;
				GCC_NO_COMMON_BLOCKS = YES;
				GCC_OPTIMIZATION_LEVEL = 0;
				GCC_PREPROCESSOR_DEFINITIONS = (
					"DEBUG=1",
					"$(inherited)",
				);
				GCC_WARN_64_TO_32_BIT_CONVERSION = YES;
				GCC_WARN_ABOUT_RETURN_TYPE = YES_ERROR;
				GCC_WARN_UNDECLARED_SELECTOR = YES;
				GCC_WARN_UNINITIALIZED_AUTOS = YES_AGGRESSIVE;
				GCC_WARN_UNUSED_FUNCTION = YES;
				GCC_WARN_UNUSED_VARIABLE = YES;
				MACOSX_DEPLOYMENT_TARGET = 10.12;
				MTL_ENABLE_DEBUG_INFO = YES;
				ONLY_ACTIVE_ARCH = YES;
				SDKROOT = macosx;
			};
			name = Debug;
		};
		1D9FDCFD1EA90C86003C4CE6 /* Release */ = {
			isa = XCBuildConfiguration;
			buildSettings = {
				ALWAYS_SEARCH_USER_PATHS = NO;
				CLANG_ANALYZER_NONNULL = YES;
				CLANG_CXX_LANGUAGE_STANDARD = "gnu++0x";
				CLANG_CXX_LIBRARY = "libc++";
				CLANG_ENABLE_MODULES = YES;
				CLANG_ENABLE_OBJC_ARC = NO;
				CLANG_WARN_BOOL_CONVERSION = YES;
				CLANG_WARN_CONSTANT_CONVERSION = YES;
				CLANG_WARN_DIRECT_OBJC_ISA_USAGE = YES_ERROR;
				CLANG_WARN_DOCUMENTATION_COMMENTS = YES;
				CLANG_WARN_EMPTY_BODY = YES;
				CLANG_WARN_ENUM_CONVERSION = YES;
				CLANG_WARN_INFINITE_RECURSION = YES;
				CLANG_WARN_INT_CONVERSION = YES;
				CLANG_WARN_OBJC_ROOT_CLASS = YES_ERROR;
				CLANG_WARN_SUSPICIOUS_MOVE = YES;
				CLANG_WARN_UNREACHABLE_CODE = YES;
				CLANG_WARN__DUPLICATE_METHOD_MATCH = YES;
				CODE_SIGN_IDENTITY = "-";
				COPY_PHASE_STRIP = NO;
				DEBUG_INFORMATION_FORMAT = "dwarf-with-dsym";
				ENABLE_NS_ASSERTIONS = NO;
				ENABLE_STRICT_OBJC_MSGSEND = YES;
				GCC_C_LANGUAGE_STANDARD = gnu99;
				GCC_NO_COMMON_BLOCKS = YES;
				GCC_WARN_64_TO_32_BIT_CONVERSION = YES;
				GCC_WARN_ABOUT_RETURN_TYPE = YES_ERROR;
				GCC_WARN_UNDECLARED_SELECTOR = YES;
				GCC_WARN_UNINITIALIZED_AUTOS = YES_AGGRESSIVE;
				GCC_WARN_UNUSED_FUNCTION = YES;
				GCC_WARN_UNUSED_VARIABLE = YES;
				MACOSX_DEPLOYMENT_TARGET = 10.12;
				MTL_ENABLE_DEBUG_INFO = NO;
				SDKROOT = macosx;
			};
			name = Release;
		};
		1D9FDCFF1EA90C86003C4CE6 /* Debug */ = {
			isa = XCBuildConfiguration;
			buildSettings = {
				CLANG_ENABLE_OBJC_ARC = NO;
				MACOSX_DEPLOYMENT_TARGET = 10.11;
				PRODUCT_NAME = "$(TARGET_NAME)";
			};
			name = Debug;
		};
		1D9FDD001EA90C86003C4CE6 /* Release */ = {
			isa = XCBuildConfiguration;
			buildSettings = {
				CLANG_ENABLE_OBJC_ARC = NO;
				MACOSX_DEPLOYMENT_TARGET = 10.11;
				PRODUCT_NAME = "$(TARGET_NAME)";
			};
			name = Release;
		};
/* End XCBuildConfiguration section */

/* Begin XCConfigurationList section */
		1D9FDCF21EA90C86003C4CE6 /* Build configuration list for PBXProject "idap" */ = {
			isa = XCConfigurationList;
			buildConfigurations = (
				1D9FDCFC1EA90C86003C4CE6 /* Debug */,
				1D9FDCFD1EA90C86003C4CE6 /* Release */,
			);
			defaultConfigurationIsVisible = 0;
			defaultConfigurationName = Release;
		};
		1D9FDCFE1EA90C86003C4CE6 /* Build configuration list for PBXNativeTarget "idap" */ = {
			isa = XCConfigurationList;
			buildConfigurations = (
				1D9FDCFF1EA90C86003C4CE6 /* Debug */,
				1D9FDD001EA90C86003C4CE6 /* Release */,
			);
			defaultConfigurationIsVisible = 0;
			defaultConfigurationName = Release;
		};
/* End XCConfigurationList section */
	};
	rootObject = 1D9FDCEF1EA90C86003C4CE6 /* Project object */;
}
